
Microsoft Visual Studio Solution File, Format Version 12.00
# Visual Studio Version 16
VisualStudioVersion = 16.0.29201.188
MinimumVisualStudioVersion = 10.0.40219.1
Project("{9A19103F-16F7-4668-BE54-9A1E7A4F7556}") = "ServerRobot", "ServerRobot.csproj", "{3EAA512C-EE2C-41F7-9AF2-4BB8338A84EA}"
EndProject
Project("{9A19103F-16F7-4668-BE54-9A1E7A4F7556}") = "RobotFramework", "..\RobotFramework\RobotFramework.csproj", "{8311701F-E726-4424-94DC-A4990261A48B}"
EndProject
Project("{FAE04EC0-301F-11D3-BF4B-00C04F79EFBC}") = "RobotTasks", "..\RobotTasks\RobotTasks.csproj", "{A70259F8-EBCF-48D3-A02D-1480A8F239E5}"
EndProject
Global
	GlobalSection(SolutionConfigurationPlatforms) = preSolution
		Debug|Any CPU = Debug|Any CPU
		Release|Any CPU = Release|Any CPU
	EndGlobalSection
	GlobalSection(ProjectConfigurationPlatforms) = postSolution
		{3EAA512C-EE2C-41F7-9AF2-4BB8338A84EA}.Debug|Any CPU.ActiveCfg = Debug|Any CPU
		{3EAA512C-EE2C-41F7-9AF2-4BB8338A84EA}.Debug|Any CPU.Build.0 = Debug|Any CPU
		{3EAA512C-EE2C-41F7-9AF2-4BB8338A84EA}.Release|Any CPU.ActiveCfg = Release|Any CPU
		{3EAA512C-EE2C-41F7-9AF2-4BB8338A84EA}.Release|Any CPU.Build.0 = Release|Any CPU
		{8311701F-E726-4424-94DC-A4990261A48B}.Debug|Any CPU.ActiveCfg = Debug|Any CPU
		{8311701F-E726-4424-94DC-A4990261A48B}.Debug|Any CPU.Build.0 = Debug|Any CPU
		{8311701F-E726-4424-94DC-A4990261A48B}.Release|Any CPU.ActiveCfg = Release|Any CPU
		{8311701F-E726-4424-94DC-A4990261A48B}.Release|Any CPU.Build.0 = Release|Any CPU
		{A70259F8-EBCF-48D3-A02D-1480A8F239E5}.Debug|Any CPU.ActiveCfg = Debug|Any CPU
		{A70259F8-EBCF-48D3-A02D-1480A8F239E5}.Debug|Any CPU.Build.0 = Debug|Any CPU
		{A70259F8-EBCF-48D3-A02D-1480A8F239E5}.Release|Any CPU.ActiveCfg = Release|Any CPU
		{A70259F8-EBCF-48D3-A02D-1480A8F239E5}.Release|Any CPU.Build.0 = Release|Any CPU
	EndGlobalSection
	GlobalSection(SolutionProperties) = preSolution
		HideSolutionNode = FALSE
	EndGlobalSection
	GlobalSection(ExtensibilityGlobals) = postSolution
		SolutionGuid = {B319D1E6-816F-4493-834F-059C1EA7F079}
	EndGlobalSection
EndGlobal
